// !$*UTF8*$!
{
	archiveVersion = 1;
	classes = {
	};
	objectVersion = 77;
	objects = {

/* Begin PBXContainerItemProxy section */
		91F43C2F2D7AA046003E5DB8 /* PBXContainerItemProxy */ = {
			isa = PBXContainerItemProxy;
			containerPortal = 91F43C122D7AA044003E5DB8 /* Project object */;
			proxyType = 1;
			remoteGlobalIDString = 91F43C192D7AA044003E5DB8;
			remoteInfo = StatusSyn;
		};
		91F43C392D7AA046003E5DB8 /* PBXContainerItemProxy */ = {
			isa = PBXContainerItemProxy;
			containerPortal = 91F43C122D7AA044003E5DB8 /* Project object */;
			proxyType = 1;
			remoteGlobalIDString = 91F43C192D7AA044003E5DB8;
			remoteInfo = StatusSyn;
		};
/* End PBXContainerItemProxy section */

/* Begin PBXFileReference section */
		91F43C1A2D7AA044003E5DB8 /* StatusSyn.app */ = {isa = PBXFileReference; explicitFileType = wrapper.application; includeInIndex = 0; path = StatusSyn.app; sourceTree = BUILT_PRODUCTS_DIR; };
		91F43C2E2D7AA046003E5DB8 /* StatusSynTests.xctest */ = {isa = PBXFileReference; explicitFileType = wrapper.cfbundle; includeInIndex = 0; path = StatusSynTests.xctest; sourceTree = BUILT_PRODUCTS_DIR; };
		91F43C382D7AA046003E5DB8 /* StatusSynUITests.xctest */ = {isa = PBXFileReference; explicitFileType = wrapper.cfbundle; includeInIndex = 0; path = StatusSynUITests.xctest; sourceTree = BUILT_PRODUCTS_DIR; };
/* End PBXFileReference section */

/* Begin PBXFileSystemSynchronizedRootGroup section */
		91F43C1C2D7AA044003E5DB8 /* StatusSyn */ = {
			isa = PBXFileSystemSynchronizedRootGroup;
			path = StatusSyn;
			sourceTree = "<group>";
		};
		91F43C312D7AA046003E5DB8 /* StatusSynTests */ = {
			isa = PBXFileSystemSynchronizedRootGroup;
			path = StatusSynTests;
			sourceTree = "<group>";
		};
		91F43C3B2D7AA046003E5DB8 /* StatusSynUITests */ = {
			isa = PBXFileSystemSynchronizedRootGroup;
			path = StatusSynUITests;
			sourceTree = "<group>";
		};
/* End PBXFileSystemSynchronizedRootGroup section */

/* Begin PBXFrameworksBuildPhase section */
		91F43C172D7AA044003E5DB8 /* Frameworks */ = {
			isa = PBXFrameworksBuildPhase;
			buildActionMask = 2147483647;
			files = (
			);
			runOnlyForDeploymentPostprocessing = 0;
		};
		91F43C2B2D7AA046003E5DB8 /* Frameworks */ = {
			isa = PBXFrameworksBuildPhase;
			buildActionMask = 2147483647;
			files = (
			);
			runOnlyForDeploymentPostprocessing = 0;
		};
		91F43C352D7AA046003E5DB8 /* Frameworks */ = {
			isa = PBXFrameworksBuildPhase;
			buildActionMask = 2147483647;
			files = (
			);
			runOnlyForDeploymentPostprocessing = 0;
		};
/* End PBXFrameworksBuildPhase section */

/* Begin PBXGroup section */
		91F43C112D7AA044003E5DB8 = {
			isa = PBXGroup;
			children = (
				91F43C1C2D7AA044003E5DB8 /* StatusSyn */,
				91F43C312D7AA046003E5DB8 /* StatusSynTests */,
				91F43C3B2D7AA046003E5DB8 /* StatusSynUITests */,
				91F43C1B2D7AA044003E5DB8 /* Products */,
			);
			sourceTree = "<group>";
		};
		91F43C1B2D7AA044003E5DB8 /* Products */ = {
			isa = PBXGroup;
			children = (
				91F43C1A2D7AA044003E5DB8 /* StatusSyn.app */,
				91F43C2E2D7AA046003E5DB8 /* StatusSynTests.xctest */,
				91F43C382D7AA046003E5DB8 /* StatusSynUITests.xctest */,
			);
			name = Products;
			sourceTree = "<group>";
		};
/* End PBXGroup section */

/* Begin PBXNativeTarget section */
		91F43C192D7AA044003E5DB8 /* StatusSyn */ = {
			isa = PBXNativeTarget;
			buildConfigurationList = 91F43C422D7AA046003E5DB8 /* Build configuration list for PBXNativeTarget "StatusSyn" */;
			buildPhases = (
				91F43C162D7AA044003E5DB8 /* Sources */,
				91F43C172D7AA044003E5DB8 /* Frameworks */,
				91F43C182D7AA044003E5DB8 /* Resources */,
			);
			buildRules = (
			);
			dependencies = (
			);
			fileSystemSynchronizedGroups = (
				91F43C1C2D7AA044003E5DB8 /* StatusSyn */,
			);
			name = StatusSyn;
			packageProductDependencies = (
			);
			productName = StatusSyn;
			productReference = 91F43C1A2D7AA044003E5DB8 /* StatusSyn.app */;
			productType = "com.apple.product-type.application";
		};
		91F43C2D2D7AA046003E5DB8 /* StatusSynTests */ = {
			isa = PBXNativeTarget;
			buildConfigurationList = 91F43C452D7AA046003E5DB8 /* Build configuration list for PBXNativeTarget "StatusSynTests" */;
			buildPhases = (
				91F43C2A2D7AA046003E5DB8 /* Sources */,
				91F43C2B2D7AA046003E5DB8 /* Frameworks */,
				91F43C2C2D7AA046003E5DB8 /* Resources */,
			);
			buildRules = (
			);
			dependencies = (
				91F43C302D7AA046003E5DB8 /* PBXTargetDependency */,
			);
			fileSystemSynchronizedGroups = (
				91F43C312D7AA046003E5DB8 /* StatusSynTests */,
			);
			name = StatusSynTests;
			packageProductDependencies = (
			);
			productName = StatusSynTests;
			productReference = 91F43C2E2D7AA046003E5DB8 /* StatusSynTests.xctest */;
			productType = "com.apple.product-type.bundle.unit-test";
		};
		91F43C372D7AA046003E5DB8 /* StatusSynUITests */ = {
			isa = PBXNativeTarget;
			buildConfigurationList = 91F43C482D7AA046003E5DB8 /* Build configuration list for PBXNativeTarget "StatusSynUITests" */;
			buildPhases = (
				91F43C342D7AA046003E5DB8 /* Sources */,
				91F43C352D7AA046003E5DB8 /* Frameworks */,
				91F43C362D7AA046003E5DB8 /* Resources */,
			);
			buildRules = (
			);
			dependencies = (
				91F43C3A2D7AA046003E5DB8 /* PBXTargetDependency */,
			);
			fileSystemSynchronizedGroups = (
				91F43C3B2D7AA046003E5DB8 /* StatusSynUITests */,
			);
			name = StatusSynUITests;
			packageProductDependencies = (
			);
			productName = StatusSynUITests;
			productReference = 91F43C382D7AA046003E5DB8 /* StatusSynUITests.xctest */;
			productType = "com.apple.product-type.bundle.ui-testing";
		};
/* End PBXNativeTarget section */

/* Begin PBXProject section */
		91F43C122D7AA044003E5DB8 /* Project object */ = {
			isa = PBXProject;
			attributes = {
				BuildIndependentTargetsInParallel = 1;
				LastSwiftUpdateCheck = 1620;
				LastUpgradeCheck = 1620;
				TargetAttributes = {
					91F43C192D7AA044003E5DB8 = {
						CreatedOnToolsVersion = 16.2;
					};
					91F43C2D2D7AA046003E5DB8 = {
						CreatedOnToolsVersion = 16.2;
						TestTargetID = 91F43C192D7AA044003E5DB8;
					};
					91F43C372D7AA046003E5DB8 = {
						CreatedOnToolsVersion = 16.2;
						TestTargetID = 91F43C192D7AA044003E5DB8;
					};
				};
			};
			buildConfigurationList = 91F43C152D7AA044003E5DB8 /* Build configuration list for PBXProject "StatusSyn" */;
			developmentRegion = en;
			hasScannedForEncodings = 0;
			knownRegions = (
				en,
				Base,
			);
			mainGroup = 91F43C112D7AA044003E5DB8;
			minimizedProjectReferenceProxies = 1;
			preferredProjectObjectVersion = 77;
			productRefGroup = 91F43C1B2D7AA044003E5DB8 /* Products */;
			projectDirPath = "";
			projectRoot = "";
			targets = (
				91F43C192D7AA044003E5DB8 /* StatusSyn */,
				91F43C2D2D7AA046003E5DB8 /* StatusSynTests */,
				91F43C372D7AA046003E5DB8 /* StatusSynUITests */,
			);
		};
/* End PBXProject section */

/* Begin PBXResourcesBuildPhase section */
		91F43C182D7AA044003E5DB8 /* Resources */ = {
			isa = PBXResourcesBuildPhase;
			buildActionMask = 2147483647;
			files = (
			);
			runOnlyForDeploymentPostprocessing = 0;
		};
		91F43C2C2D7AA046003E5DB8 /* Resources */ = {
			isa = PBXResourcesBuildPhase;
			buildActionMask = 2147483647;
			files = (
			);
			runOnlyForDeploymentPostprocessing = 0;
		};
		91F43C362D7AA046003E5DB8 /* Resources */ = {
			isa = PBXResourcesBuildPhase;
			buildActionMask = 2147483647;
			files = (
			);
			runOnlyForDeploymentPostprocessing = 0;
		};
/* End PBXResourcesBuildPhase section */

/* Begin PBXSourcesBuildPhase section */
		91F43C162D7AA044003E5DB8 /* Sources */ = {
			isa = PBXSourcesBuildPhase;
			buildActionMask = 2147483647;
			files = (
			);
			runOnlyForDeploymentPostprocessing = 0;
		};
		91F43C2A2D7AA046003E5DB8 /* Sources */ = {
			isa = PBXSourcesBuildPhase;
			buildActionMask = 2147483647;
			files = (
			);
			runOnlyForDeploymentPostprocessing = 0;
		};
		91F43C342D7AA046003E5DB8 /* Sources */ = {
			isa = PBXSourcesBuildPhase;
			buildActionMask = 2147483647;
			files = (
			);
			runOnlyForDeploymentPostprocessing = 0;
		};
/* End PBXSourcesBuildPhase section */

/* Begin PBXTargetDependency section */
		91F43C302D7AA046003E5DB8 /* PBXTargetDependency */ = {
			isa = PBXTargetDependency;
			target = 91F43C192D7AA044003E5DB8 /* StatusSyn */;
			targetProxy = 91F43C2F2D7AA046003E5DB8 /* PBXContainerItemProxy */;
		};
		91F43C3A2D7AA046003E5DB8 /* PBXTargetDependency */ = {
			isa = PBXTargetDependency;
			target = 91F43C192D7AA044003E5DB8 /* StatusSyn */;
			targetProxy = 91F43C392D7AA046003E5DB8 /* PBXContainerItemProxy */;
		};
/* End PBXTargetDependency section */

/* Begin XCBuildConfiguration section */
		91F43C402D7AA046003E5DB8 /* Debug */ = {
			isa = XCBuildConfiguration;
			buildSettings = {
				ALWAYS_SEARCH_USER_PATHS = NO;
				ASSETCATALOG_COMPILER_GENERATE_SWIFT_ASSET_SYMBOL_EXTENSIONS = YES;
				CLANG_ANALYZER_NONNULL = YES;
				CLANG_ANALYZER_NUMBER_OBJECT_CONVERSION = YES_AGGRESSIVE;
				CLANG_CXX_LANGUAGE_STANDARD = "gnu++20";
				CLANG_ENABLE_MODULES = YES;
				CLANG_ENABLE_OBJC_ARC = YES;
				CLANG_ENABLE_OBJC_WEAK = YES;
				CLANG_WARN_BLOCK_CAPTURE_AUTORELEASING = YES;
				CLANG_WARN_BOOL_CONVERSION = YES;
				CLANG_WARN_COMMA = YES;
				CLANG_WARN_CONSTANT_CONVERSION = YES;
				CLANG_WARN_DEPRECATED_OBJC_IMPLEMENTATIONS = YES;
				CLANG_WARN_DIRECT_OBJC_ISA_USAGE = YES_ERROR;
				CLANG_WARN_DOCUMENTATION_COMMENTS = YES;
				CLANG_WARN_EMPTY_BODY = YES;
				CLANG_WARN_ENUM_CONVERSION = YES;
				CLANG_WARN_INFINITE_RECURSION = YES;
				CLANG_WARN_INT_CONVERSION = YES;
				CLANG_WARN_NON_LITERAL_NULL_CONVERSION = YES;
				CLANG_WARN_OBJC_IMPLICIT_RETAIN_SELF = YES;
				CLANG_WARN_OBJC_LITERAL_CONVERSION = YES;
				CLANG_WARN_OBJC_ROOT_CLASS = YES_ERROR;
				CLANG_WARN_QUOTED_INCLUDE_IN_FRAMEWORK_HEADER = YES;
				CLANG_WARN_RANGE_LOOP_ANALYSIS = YES;
				CLANG_WARN_STRICT_PROTOTYPES = YES;
				CLANG_WARN_SUSPICIOUS_MOVE = YES;
				CLANG_WARN_UNGUARDED_AVAILABILITY = YES_AGGRESSIVE;
				CLANG_WARN_UNREACHABLE_CODE = YES;
				CLANG_WARN__DUPLICATE_METHOD_MATCH = YES;
				COPY_PHASE_STRIP = NO;
				DEBUG_INFORMATION_FORMAT = dwarf;
				ENABLE_STRICT_OBJC_MSGSEND = YES;
				ENABLE_TESTABILITY = YES;
				ENABLE_USER_SCRIPT_SANDBOXING = YES;
				GCC_C_LANGUAGE_STANDARD = gnu17;
				GCC_DYNAMIC_NO_PIC = NO;
				GCC_NO_COMMON_BLOCKS = YES;
				GCC_OPTIMIZATION_LEVEL = 0;
				GCC_PREPROCESSOR_DEFINITIONS = (
					"DEBUG=1",
					"$(inherited)",
				);
				GCC_WARN_64_TO_32_BIT_CONVERSION = YES;
				GCC_WARN_ABOUT_RETURN_TYPE = YES_ERROR;
				GCC_WARN_UNDECLARED_SELECTOR = YES;
				GCC_WARN_UNINITIALIZED_AUTOS = YES_AGGRESSIVE;
				GCC_WARN_UNUSED_FUNCTION = YES;
				GCC_WARN_UNUSED_VARIABLE = YES;
				LOCALIZATION_PREFERS_STRING_CATALOGS = YES;
				MACOSX_DEPLOYMENT_TARGET = 15.2;
				MTL_ENABLE_DEBUG_INFO = INCLUDE_SOURCE;
				MTL_FAST_MATH = YES;
				ONLY_ACTIVE_ARCH = YES;
				SDKROOT = macosx;
				SWIFT_ACTIVE_COMPILATION_CONDITIONS = "DEBUG $(inherited)";
				SWIFT_OPTIMIZATION_LEVEL = "-Onone";
			};
			name = Debug;
		};
		91F43C412D7AA046003E5DB8 /* Release */ = {
			isa = XCBuildConfiguration;
			buildSettings = {
				ALWAYS_SEARCH_USER_PATHS = NO;
				ASSETCATALOG_COMPILER_GENERATE_SWIFT_ASSET_SYMBOL_EXTENSIONS = YES;
				CLANG_ANALYZER_NONNULL = YES;
				CLANG_ANALYZER_NUMBER_OBJECT_CONVERSION = YES_AGGRESSIVE;
				CLANG_CXX_LANGUAGE_STANDARD = "gnu++20";
				CLANG_ENABLE_MODULES = YES;
				CLANG_ENABLE_OBJC_ARC = YES;
				CLANG_ENABLE_OBJC_WEAK = YES;
				CLANG_WARN_BLOCK_CAPTURE_AUTORELEASING = YES;
				CLANG_WARN_BOOL_CONVERSION = YES;
				CLANG_WARN_COMMA = YES;
				CLANG_WARN_CONSTANT_CONVERSION = YES;
				CLANG_WARN_DEPRECATED_OBJC_IMPLEMENTATIONS = YES;
				CLANG_WARN_DIRECT_OBJC_ISA_USAGE = YES_ERROR;
				CLANG_WARN_DOCUMENTATION_COMMENTS = YES;
				CLANG_WARN_EMPTY_BODY = YES;
				CLANG_WARN_ENUM_CONVERSION = YES;
				CLANG_WARN_INFINITE_RECURSION = YES;
				CLANG_WARN_INT_CONVERSION = YES;
				CLANG_WARN_NON_LITERAL_NULL_CONVERSION = YES;
				CLANG_WARN_OBJC_IMPLICIT_RETAIN_SELF = YES;
				CLANG_WARN_OBJC_LITERAL_CONVERSION = YES;
				CLANG_WARN_OBJC_ROOT_CLASS = YES_ERROR;
				CLANG_WARN_QUOTED_INCLUDE_IN_FRAMEWORK_HEADER = YES;
				CLANG_WARN_RANGE_LOOP_ANALYSIS = YES;
				CLANG_WARN_STRICT_PROTOTYPES = YES;
				CLANG_WARN_SUSPICIOUS_MOVE = YES;
				CLANG_WARN_UNGUARDED_AVAILABILITY = YES_AGGRESSIVE;
				CLANG_WARN_UNREACHABLE_CODE = YES;
				CLANG_WARN__DUPLICATE_METHOD_MATCH = YES;
				COPY_PHASE_STRIP = NO;
				DEBUG_INFORMATION_FORMAT = "dwarf-with-dsym";
				ENABLE_NS_ASSERTIONS = NO;
				ENABLE_STRICT_OBJC_MSGSEND = YES;
				ENABLE_USER_SCRIPT_SANDBOXING = YES;
				GCC_C_LANGUAGE_STANDARD = gnu17;
				GCC_NO_COMMON_BLOCKS = YES;
				GCC_WARN_64_TO_32_BIT_CONVERSION = YES;
				GCC_WARN_ABOUT_RETURN_TYPE = YES_ERROR;
				GCC_WARN_UNDECLARED_SELECTOR = YES;
				GCC_WARN_UNINITIALIZED_AUTOS = YES_AGGRESSIVE;
				GCC_WARN_UNUSED_FUNCTION = YES;
				GCC_WARN_UNUSED_VARIABLE = YES;
				LOCALIZATION_PREFERS_STRING_CATALOGS = YES;
				MACOSX_DEPLOYMENT_TARGET = 15.2;
				MTL_ENABLE_DEBUG_INFO = NO;
				MTL_FAST_MATH = YES;
				SDKROOT = macosx;
				SWIFT_COMPILATION_MODE = wholemodule;
			};
			name = Release;
		};
		91F43C432D7AA046003E5DB8 /* Debug */ = {
			isa = XCBuildConfiguration;
			buildSettings = {
				ASSETCATALOG_COMPILER_APPICON_NAME = AppIcon;
				ASSETCATALOG_COMPILER_GLOBAL_ACCENT_COLOR_NAME = AccentColor;
				CODE_SIGN_ENTITLEMENTS = StatusSyn/StatusSyn.entitlements;
				CODE_SIGN_STYLE = Automatic;
				COMBINE_HIDPI_IMAGES = YES;
				CURRENT_PROJECT_VERSION = 2;
				DEVELOPMENT_TEAM = 4M7T6PLN38;
				ENABLE_HARDENED_RUNTIME = YES;
				GENERATE_INFOPLIST_FILE = YES;
				INFOPLIST_KEY_LSUIElement = YES;
				INFOPLIST_KEY_NSAppleEventsUsageDescription = "StatusSyn 需要访问浏览器以获取标签页信息";
				INFOPLIST_KEY_NSHumanReadableCopyright = "";
				INFOPLIST_KEY_NSPrincipalClass = NSApplication;
				LD_RUNPATH_SEARCH_PATHS = (
					"$(inherited)",
					"@executable_path/../Frameworks",
				);
				MARKETING_VERSION = 1.1;
				PRODUCT_BUNDLE_IDENTIFIER = e.e.StatusSyn;
				PRODUCT_NAME = "$(TARGET_NAME)";
				SWIFT_EMIT_LOC_STRINGS = YES;
				SWIFT_VERSION = 5.0;
			};
			name = Debug;
		};
		91F43C442D7AA046003E5DB8 /* Release */ = {
			isa = XCBuildConfiguration;
			buildSettings = {
				ASSETCATALOG_COMPILER_APPICON_NAME = AppIcon;
				ASSETCATALOG_COMPILER_GLOBAL_ACCENT_COLOR_NAME = AccentColor;
				CODE_SIGN_ENTITLEMENTS = StatusSyn/StatusSyn.entitlements;
				CODE_SIGN_STYLE = Automatic;
				COMBINE_HIDPI_IMAGES = YES;
				CURRENT_PROJECT_VERSION = 2;
				DEVELOPMENT_TEAM = 4M7T6PLN38;
				ENABLE_HARDENED_RUNTIME = YES;
				GENERATE_INFOPLIST_FILE = YES;
				INFOPLIST_KEY_LSUIElement = YES;
				INFOPLIST_KEY_NSAppleEventsUsageDescription = "StatusSyn 需要访问浏览器以获取标签页信息";
				INFOPLIST_KEY_NSHumanReadableCopyright = "";
				INFOPLIST_KEY_NSPrincipalClass = NSApplication;
				LD_RUNPATH_SEARCH_PATHS = (
					"$(inherited)",
					"@executable_path/../Frameworks",
				);
				MARKETING_VERSION = 1.1;
				PRODUCT_BUNDLE_IDENTIFIER = e.e.StatusSyn;
				PRODUCT_NAME = "$(TARGET_NAME)";
				SWIFT_EMIT_LOC_STRINGS = YES;
				SWIFT_VERSION = 5.0;
			};
			name = Release;
		};
		91F43C462D7AA046003E5DB8 /* Debug */ = {
			isa = XCBuildConfiguration;
			buildSettings = {
				BUNDLE_LOADER = "$(TEST_HOST)";
				CODE_SIGN_STYLE = Automatic;
				CURRENT_PROJECT_VERSION = 1;
				DEVELOPMENT_TEAM = 4M7T6PLN38;
				GENERATE_INFOPLIST_FILE = YES;
				MACOSX_DEPLOYMENT_TARGET = 15.2;
				MARKETING_VERSION = 1.0;
				PRODUCT_BUNDLE_IDENTIFIER = e.e.StatusSynTests;
				PRODUCT_NAME = "$(TARGET_NAME)";
				SWIFT_EMIT_LOC_STRINGS = NO;
				SWIFT_VERSION = 5.0;
				TEST_HOST = "$(BUILT_PRODUCTS_DIR)/StatusSyn.app/$(BUNDLE_EXECUTABLE_FOLDER_PATH)/StatusSyn";
			};
			name = Debug;
		};
		91F43C472D7AA046003E5DB8 /* Release */ = {
			isa = XCBuildConfiguration;
			buildSettings = {
				BUNDLE_LOADER = "$(TEST_HOST)";
				CODE_SIGN_STYLE = Automatic;
				CURRENT_PROJECT_VERSION = 1;
				DEVELOPMENT_TEAM = 4M7T6PLN38;
				GENERATE_INFOPLIST_FILE = YES;
				MACOSX_DEPLOYMENT_TARGET = 15.2;
				MARKETING_VERSION = 1.0;
				PRODUCT_BUNDLE_IDENTIFIER = e.e.StatusSynTests;
				PRODUCT_NAME = "$(TARGET_NAME)";
				SWIFT_EMIT_LOC_STRINGS = NO;
				SWIFT_VERSION = 5.0;
				TEST_HOST = "$(BUILT_PRODUCTS_DIR)/StatusSyn.app/$(BUNDLE_EXECUTABLE_FOLDER_PATH)/StatusSyn";
			};
			name = Release;
		};
		91F43C492D7AA046003E5DB8 /* Debug */ = {
			isa = XCBuildConfiguration;
			buildSettings = {
				CODE_SIGN_STYLE = Automatic;
				CURRENT_PROJECT_VERSION = 1;
				DEVELOPMENT_TEAM = 4M7T6PLN38;
				GENERATE_INFOPLIST_FILE = YES;
				MARKETING_VERSION = 1.0;
				PRODUCT_BUNDLE_IDENTIFIER = e.e.StatusSynUITests;
				PRODUCT_NAME = "$(TARGET_NAME)";
				SWIFT_EMIT_LOC_STRINGS = NO;
				SWIFT_VERSION = 5.0;
				TEST_TARGET_NAME = StatusSyn;
			};
			name = Debug;
		};
		91F43C4A2D7AA046003E5DB8 /* Release */ = {
			isa = XCBuildConfiguration;
			buildSettings = {
				CODE_SIGN_STYLE = Automatic;
				CURRENT_PROJECT_VERSION = 1;
				DEVELOPMENT_TEAM = 4M7T6PLN38;
				GENERATE_INFOPLIST_FILE = YES;
				MARKETING_VERSION = 1.0;
				PRODUCT_BUNDLE_IDENTIFIER = e.e.StatusSynUITests;
				PRODUCT_NAME = "$(TARGET_NAME)";
				SWIFT_EMIT_LOC_STRINGS = NO;
				SWIFT_VERSION = 5.0;
				TEST_TARGET_NAME = StatusSyn;
			};
			name = Release;
		};
/* End XCBuildConfiguration section */

/* Begin XCConfigurationList section */
		91F43C152D7AA044003E5DB8 /* Build configuration list for PBXProject "StatusSyn" */ = {
			isa = XCConfigurationList;
			buildConfigurations = (
				91F43C402D7AA046003E5DB8 /* Debug */,
				91F43C412D7AA046003E5DB8 /* Release */,
			);
			defaultConfigurationIsVisible = 0;
			defaultConfigurationName = Release;
		};
		91F43C422D7AA046003E5DB8 /* Build configuration list for PBXNativeTarget "StatusSyn" */ = {
			isa = XCConfigurationList;
			buildConfigurations = (
				91F43C432D7AA046003E5DB8 /* Debug */,
				91F43C442D7AA046003E5DB8 /* Release */,
			);
			defaultConfigurationIsVisible = 0;
			defaultConfigurationName = Release;
		};
		91F43C452D7AA046003E5DB8 /* Build configuration list for PBXNativeTarget "StatusSynTests" */ = {
			isa = XCConfigurationList;
			buildConfigurations = (
				91F43C462D7AA046003E5DB8 /* Debug */,
				91F43C472D7AA046003E5DB8 /* Release */,
			);
			defaultConfigurationIsVisible = 0;
			defaultConfigurationName = Release;
		};
		91F43C482D7AA046003E5DB8 /* Build configuration list for PBXNativeTarget "StatusSynUITests" */ = {
			isa = XCConfigurationList;
			buildConfigurations = (
				91F43C492D7AA046003E5DB8 /* Debug */,
				91F43C4A2D7AA046003E5DB8 /* Release */,
			);
			defaultConfigurationIsVisible = 0;
			defaultConfigurationName = Release;
		};
/* End XCConfigurationList section */
	};
	rootObject = 91F43C122D7AA044003E5DB8 /* Project object */;
}
